{
  "name": "dharma-agent-fabric",
  "version": "0.1.0",
  "lockfileVersion": 3,
  "requires": true,
  "packages": {
    "": {
      "name": "dharma-agent-fabric",
      "version": "0.1.0",
      "workspaces": [
        "packages/*",
        "apps/*"
      ],
      "devDependencies": {
        "@apidevtools/swagger-parser": "^12.1.0",
        "@modelcontextprotocol/client": "2.1.0",
        "@types/node": "^22.15.0",
        "ajv": "^8.17.1",
        "ajv-formats": "^3.0.1",
        "typescript": "^5.8.3",
        "yaml": "^2.8.1"
      },
      "engines": {
        "node": ">=22.20.0 <25.0.0",
        "npm": ">=10.9.3 <12.0.0"
      }
    },
    "apps/relay-gateway": {
      "name": "@dharma-ai-labs/agent-fabric-relay-gateway",
      "version": "0.1.0",
      "dependencies": {
        "redis": "6.2.0",
        "ws": "^8.18.3"
      },
      "devDependencies": {
        "@types/ws": "^8.18.1"
      }
    },
    "node_modules/@apidevtools/json-schema-ref-parser": {
      "version": "14.0.1",
      "resolved": "https://registry.npmjs.org/@apidevtools/json-schema-ref-parser/-/json-schema-ref-parser-14.0.1.tgz",
      "integrity": "sha512-Oc96zvmxx1fqoSEdUmfmvvb59/KDOnUoJ7s2t7bISyAn0XEz57LCCw8k2Y4Pf3mwKaZLMciESALORLgfe2frCw==",
      "dev": true,
      "license": "MIT",
      "dependencies": {
        "@types/json-schema": "^7.0.15",
        "js-yaml": "^4.1.0"
      },
      "engines": {
        "node": ">= 16"
      },
      "funding": {
        "url": "https://github.com/sponsors/philsturgeon"
      }
    },
    "node_modules/@apidevtools/openapi-schemas": {
      "version": "2.1.0",
      "resolved": "https://registry.npmjs.org/@apidevtools/openapi-schemas/-/openapi-schemas-2.1.0.tgz",
      "integrity": "sha512-Zc1AlqrJlX3SlpupFGpiLi2EbteyP7fXmUOGup6/DnkRgjP9bgMM/ag+n91rsv0U1Gpz0H3VILA/o3bW7Ua6BQ==",
      "dev": true,
      "license": "MIT",
      "engines": {
        "node": ">=10"
      }
    },
    "node_modules/@apidevtools/swagger-methods": {
      "version": "3.0.2",
      "resolved": "https://registry.npmjs.org/@apidevtools/swagger-methods/-/swagger-methods-3.0.2.tgz",
      "integrity": "sha512-QAkD5kK2b1WfjDS/UQn/qQkbwF31uqRjPTrsCs5ZG9BQGAkjwvqGFjjPqAuzac/IYzpPtRzjCP1WrTuAIjMrXg==",
      "dev": true,
      "license": "MIT"
    },
    "node_modules/@apidevtools/swagger-parser": {
      "version": "12.1.0",
      "resolved": "https://registry.npmjs.org/@apidevtools/swagger-parser/-/swagger-parser-12.1.0.tgz",
      "integrity": "sha512-e5mJoswsnAX0jG+J09xHFYQXb/bUc5S3pLpMxUuRUA2H8T2kni3yEoyz2R3Dltw5f4A6j6rPNMpWTK+iVDFlng==",
      "dev": true,
      "license": "MIT",
      "dependencies": {
        "@apidevtools/json-schema-ref-parser": "14.0.1",
        "@apidevtools/openapi-schemas": "^2.1.0",
        "@apidevtools/swagger-methods": "^3.0.2",
        "ajv": "^8.17.1",
        "ajv-draft-04": "^1.0.0",
        "call-me-maybe": "^1.0.2"
      },
      "peerDependencies": {
        "openapi-types": ">=7"
      }
    },
    "node_modules/@dharma-ai-labs/agent-fabric": {
      "resolved": "packages/cli",
      "link": true
    },
    "node_modules/@dharma-ai-labs/agent-fabric-better-harness-bridge": {
      "resolved": "packages/better-harness-bridge",
      "link": true
    },
    "node_modules/@dharma-ai-labs/agent-fabric-contracts": {
      "resolved": "packages/contracts",
      "link": true
    },
    "node_modules/@dharma-ai-labs/agent-fabric-evidence-reduction": {
      "resolved": "packages/evidence-reduction",
      "link": true
    },
    "node_modules/@dharma-ai-labs/agent-fabric-local-vault": {
      "resolved": "packages/local-vault",
      "link": true
    },
    "node_modules/@dharma-ai-labs/agent-fabric-policy": {
      "resolved": "packages/policy",
      "link": true
    },
    "node_modules/@dharma-ai-labs/agent-fabric-provider-adapters": {
      "resolved": "packages/provider-adapters",
      "link": true
    },
    "node_modules/@dharma-ai-labs/agent-fabric-relay-client": {
      "resolved": "packages/relay-client",
      "link": true
    },
    "node_modules/@dharma-ai-labs/agent-fabric-relay-gateway": {
      "resolved": "apps/relay-gateway",
      "link": true
    },
    "node_modules/@dharma-ai-labs/agent-fabric-sdk": {
      "resolved": "packages/sdk",
      "link": true
    },
    "node_modules/@dharma-ai-labs/agent-fabric-secure-store": {
      "resolved": "packages/secure-store",
      "link": true
    },
    "node_modules/@dharma-ai-labs/agent-fabric-skill-manager": {
      "resolved": "packages/skill-manager",
      "link": true
    },
    "node_modules/@dharma-ai-labs/agent-fabric-task-runner": {
      "resolved": "packages/task-runner",
      "link": true
    },
    "node_modules/@modelcontextprotocol/client": {
      "version": "2.1.0",
      "resolved": "https://registry.npmjs.org/@modelcontextprotocol/client/-/client-2.1.0.tgz",
      "integrity": "sha512-mDVhoy5WjDb0U+4dQPzLcciC2erSex/GRVQqnoZdiuMoE3YiTZdiS7ezNcFwX4XEOWOaj7jZr0kLYnILnL8orA==",
      "dev": true,
      "license": "MIT",
      "dependencies": {
        "@modelcontextprotocol/core": "2.1.0",
        "cross-spawn": "^7.0.5",
        "eventsource": "^3.0.2",
        "eventsource-parser": "^3.0.0",
        "jose": "^6.1.3",
        "pkce-challenge": "^5.0.0",
        "zod": "^4.2.0"
      },
      "engines": {
        "node": ">=20"
      }
    },
    "node_modules/@modelcontextprotocol/core": {
      "version": "2.1.0",
      "resolved": "https://registry.npmjs.org/@modelcontextprotocol/core/-/core-2.1.0.tgz",
      "integrity": "sha512-YdFj5gMRHr0gYNAhTbQDgjLHiEJdIAUYxomhKseUNye7ZGlISQmUoLh2sveFFCiQ7j2YMffT1kgSND0FSfIFjQ==",
      "license": "MIT",
      "dependencies": {
        "zod": "^4.2.0"
      },
      "engines": {
        "node": ">=20"
      }
    },
    "node_modules/@modelcontextprotocol/server": {
      "version": "2.1.0",
      "resolved": "https://registry.npmjs.org/@modelcontextprotocol/server/-/server-2.1.0.tgz",
      "integrity": "sha512-FdvwZU5N03O77Suh35JqjAqq5R1ZTEPFtwu6N4BgBq28qrQtrCnpbLL5U2pwYCuE194jAw0xnlOVmIqhfoYuUQ==",
      "license": "MIT",
      "dependencies": {
        "@modelcontextprotocol/core": "2.1.0",
        "zod": "^4.2.0"
      },
      "engines": {
        "node": ">=20"
      }
    },
    "node_modules/@redis/bloom": {
      "version": "6.2.0",
      "resolved": "https://registry.npmjs.org/@redis/bloom/-/bloom-6.2.0.tgz",
      "integrity": "sha512-ggQvzpeCKnybwUrEiMVVtE1Np4vWnRfpeAaIP2MdZiVw7PHOhJrF4cONVuLRn1TkMi6ehp2OPjTOMK+8XmiQSQ==",
      "license": "MIT",
      "engines": {
        "node": ">= 20.0.0"
      },
      "peerDependencies": {
        "@redis/client": "^6.2.0"
      }
    },
    "node_modules/@redis/client": {
      "version": "6.2.0",
      "resolved": "https://registry.npmjs.org/@redis/client/-/client-6.2.0.tgz",
      "integrity": "sha512-HHszna68MTBRiDZV3Wo2wANH7Z5v/nuh+ZyCAGBce0PS8tDcg1/yzZ1vqbKbUyTdz1wB54kqZxXrnPwpR8Ivdw==",
      "license": "MIT",
      "dependencies": {
        "cluster-key-slot": "1.1.2"
      },
      "engines": {
        "node": ">= 20.0.0"
      },
      "peerDependencies": {
        "@node-rs/xxhash": "^1.1.0",
        "@opentelemetry/api": ">=1 <2"
      },
      "peerDependenciesMeta": {
        "@node-rs/xxhash": {
          "optional": true
        },
        "@opentelemetry/api": {
          "optional": true
        }
      }
    },
    "node_modules/@redis/json": {
      "version": "6.2.0",
      "resolved": "https://registry.npmjs.org/@redis/json/-/json-6.2.0.tgz",
      "integrity": "sha512-oweO7PfHWYXkgVT88K+Fm3Wx98lKYKAEXaH162gVbw1kmBOBVQHxw0Yjh1p6BYBUIQMHqLyWwYe99eK7/hD1VQ==",
      "license": "MIT",
      "engines": {
        "node": ">= 20.0.0"
      },
      "peerDependencies": {
        "@redis/client": "^6.2.0"
      }
    },
    "node_modules/@redis/search": {
      "version": "6.2.0",
      "resolved": "https://registry.npmjs.org/@redis/search/-/search-6.2.0.tgz",
      "integrity": "sha512-chLEQfalFW3+uCPE99XoIOZhcQ3eF7S3fGxgiiaPf6MMrOZHEiTvgMnXR4xXZX0yDecyoWjGYlQQKTYag/ZExg==",
      "license": "MIT",
      "engines": {
        "node": ">= 20.0.0"
      },
      "peerDependencies": {
        "@redis/client": "^6.2.0"
      }
    },
    "node_modules/@redis/time-series": {
      "version": "6.2.0",
      "resolved": "https://registry.npmjs.org/@redis/time-series/-/time-series-6.2.0.tgz",
      "integrity": "sha512-/H/eE/lnhZLZYpHGpI+ZN7TePb7isEaub8b07oQcTDQptPslVKdUFwNhUm+hQHks781oh+F1Leiip1WHh4HfWw==",
      "license": "MIT",
      "engines": {
        "node": ">= 20.0.0"
      },
      "peerDependencies": {
        "@redis/client": "^6.2.0"
      }
    },
    "node_modules/@types/json-schema": {
      "version": "7.0.15",
      "resolved": "https://registry.npmjs.org/@types/json-schema/-/json-schema-7.0.15.tgz",
      "integrity": "sha512-5+fP8P8MFNC+AyZCDxrB2pkZFPGzqQWUzpSeuuVLvm8VMcorNYavBqoFcxK8bQz4Qsbn4oUEEem4wDLfcysGHA==",
      "dev": true,
      "license": "MIT"
    },
    "node_modules/@types/node": {
      "version": "22.20.1",
      "resolved": "https://registry.npmjs.org/@types/node/-/node-22.20.1.tgz",
      "integrity": "sha512-EANqOCF9QFyra+4pfxUcX9STKJpCLjMbObVzljIJomAWSnuSIEAvyzEU53GaajbXJEgdh0iEcPL+DGvpUd4k1Q==",
      "dev": true,
      "license": "MIT",
      "dependencies": {
        "undici-types": "~6.21.0"
      }
    },
    "node_modules/@types/ws": {
      "version": "8.18.1",
      "resolved": "https://registry.npmjs.org/@types/ws/-/ws-8.18.1.tgz",
      "integrity": "sha512-ThVF6DCVhA8kUGy+aazFQ4kXQ7E1Ty7A3ypFOe0IcJV8O/M511G99AW24irKrW56Wt44yG9+ij8FaqoBGkuBXg==",
      "dev": true,
      "license": "MIT",
      "dependencies": {
        "@types/node": "*"
      }
    },
    "node_modules/ajv": {
      "version": "8.20.0",
      "resolved": "https://registry.npmjs.org/ajv/-/ajv-8.20.0.tgz",
      "integrity": "sha512-Thbli+OlOj+iMPYFBVBfJ3OmCAnaSyNn4M1vz9T6Gka5Jt9ba/HIR56joy65tY6kx/FCF5VXNB819Y7/GUrBGA==",
      "license": "MIT",
      "dependencies": {
        "fast-deep-equal": "^3.1.3",
        "fast-uri": "^3.0.1",
        "json-schema-traverse": "^1.0.0",
        "require-from-string": "^2.0.2"
      },
      "funding": {
        "type": "github",
        "url": "https://github.com/sponsors/epoberezkin"
      }
    },
    "node_modules/ajv-draft-04": {
      "version": "1.0.0",
      "resolved": "https://registry.npmjs.org/ajv-draft-04/-/ajv-draft-04-1.0.0.tgz",
      "integrity": "sha512-mv00Te6nmYbRp5DCwclxtt7yV/joXJPGS7nM+97GdxvuttCOfgI3K4U25zboyeX0O+myI8ERluxQe5wljMmVIw==",
      "dev": true,
      "license": "MIT",
      "peerDependencies": {
        "ajv": "^8.5.0"
      },
      "peerDependenciesMeta": {
        "ajv": {
          "optional": true
        }
      }
    },
    "node_modules/ajv-formats": {
      "version": "3.0.1",
      "resolved": "https://registry.npmjs.org/ajv-formats/-/ajv-formats-3.0.1.tgz",
      "integrity": "sha512-8iUql50EUR+uUcdRQ3HDqa6EVyo3docL8g5WJ3FNcWmu62IbkGUue/pEyLBW8VGKKucTPgqeks4fIU1DA4yowQ==",
      "license": "MIT",
      "dependencies": {
        "ajv": "^8.0.0"
      },
      "peerDependencies": {
        "ajv": "^8.0.0"
      },
      "peerDependenciesMeta": {
        "ajv": {
          "optional": true
        }
      }
    },
    "node_modules/argparse": {
      "version": "2.0.1",
      "resolved": "https://registry.npmjs.org/argparse/-/argparse-2.0.1.tgz",
      "integrity": "sha512-8+9WqebbFzpX9OR+Wa6O29asIogeRMzcGtAINdpMHHyAg10f05aSFVBbcEqGf/PXw1EjAZ+q2/bEBg3DvurK3Q==",
      "dev": true,
      "license": "Python-2.0"
    },
    "node_modules/bare-addon-resolve": {
      "version": "1.10.1",
      "resolved": "https://registry.npmjs.org/bare-addon-resolve/-/bare-addon-resolve-1.10.1.tgz",
      "integrity": "sha512-F/SD2du8keuYSb4xipnGz5j2E6yhNdHA8ZVxtHae6h2uOrpBIjjbhXvjzKZbr5XUOzqBzh/i8GVFycj2DlFQIA==",
      "dependencies": {
        "bare-module-resolve": "^1.10.0",
        "bare-semver": "^1.0.0"
      },
      "peerDependencies": {
        "bare-url": "*"
      },
      "peerDependenciesMeta": {
        "bare-url": {
          "optional": true
        }
      }
    },
    "node_modules/bare-module-resolve": {
      "version": "1.12.5",
      "resolved": "https://registry.npmjs.org/bare-module-resolve/-/bare-module-resolve-1.12.5.tgz",
      "integrity": "sha512-VOncxVvVk8SQVw9vhcBnoTJD/74aR5DgdRPCm0gQ7uB5MsWpBJnoCeJrwEHKiz09O83ndf3NTjsz3LEuFxAq5A==",
      "dependencies": {
        "bare-semver": "^1.0.0"
      },
      "peerDependencies": {
        "bare-url": "*"
      },
      "peerDependenciesMeta": {
        "bare-url": {
          "optional": true
        }
      }
    },
    "node_modules/bare-semver": {
      "version": "1.1.0",
      "resolved": "https://registry.npmjs.org/bare-semver/-/bare-semver-1.1.0.tgz",
      "integrity": "sha512-1Hw5qJ7hXdVt3uPUqjeFTuxyvBUJauvz5A1I2jk8gzjZMHp04n//6nV9MDbG9CMw78JHY2lGV0w6s//LrASm2w=="
    },
    "node_modules/call-me-maybe": {
      "version": "1.0.2",
      "resolved": "https://registry.npmjs.org/call-me-maybe/-/call-me-maybe-1.0.2.tgz",
      "integrity": "sha512-HpX65o1Hnr9HH25ojC1YGs7HCQLq0GCOibSaWER0eNpgJ/Z1MZv2mTc7+xh6WOPxbRVcmgbv4hGU+uSQ/2xFZQ==",
      "dev": true,
      "license": "MIT"
    },
    "node_modules/cluster-key-slot": {
      "version": "1.1.2",
      "resolved": "https://registry.npmjs.org/cluster-key-slot/-/cluster-key-slot-1.1.2.tgz",
      "integrity": "sha512-RMr0FhtfXemyinomL4hrWcYJxmX6deFdCxpJzhDttxgO1+bcCnkk+9drydLVDmAMG7NE6aN/fl4F7ucU/90gAA==",
      "license": "Apache-2.0",
      "engines": {
        "node": ">=0.10.0"
      }
    },
    "node_modules/cross-spawn": {
      "version": "7.0.6",
      "resolved": "https://registry.npmjs.org/cross-spawn/-/cross-spawn-7.0.6.tgz",
      "integrity": "sha512-uV2QOWP2nWzsy2aMp8aRibhi9dlzF5Hgh5SHaB9OiTGEyDTiJJyx0uy51QXdyWbtAHNua4XJzUKca3OzKUd3vA==",
      "dev": true,
      "license": "MIT",
      "dependencies": {
        "path-key": "^3.1.0",
        "shebang-command": "^2.0.0",
        "which": "^2.0.1"
      },
      "engines": {
        "node": ">= 8"
      }
    },
    "node_modules/eventsource": {
      "version": "3.0.7",
      "resolved": "https://registry.npmjs.org/eventsource/-/eventsource-3.0.7.tgz",
      "integrity": "sha512-CRT1WTyuQoD771GW56XEZFQ/ZoSfWid1alKGDYMmkt2yl8UXrVR4pspqWNEcqKvVIzg6PAltWjxcSSPrboA4iA==",
      "dev": true,
      "license": "MIT",
      "dependencies": {
        "eventsource-parser": "^3.0.1"
      },
      "engines": {
        "node": ">=18.0.0"
      }
    },
    "node_modules/eventsource-parser": {
      "version": "3.1.1",
      "resolved": "https://registry.npmjs.org/eventsource-parser/-/eventsource-parser-3.1.1.tgz",
      "integrity": "sha512-EKN1vKAMcZ8MlYMpaNuxN6R9yakzH6uajHcHVTqWJzvu5pWw9DyhbP35HH8MVBQ+dZjAfDxk+A8NiR9KWaXiyQ==",
      "dev": true,
      "license": "MIT",
      "engines": {
        "node": ">=18.0.0"
      }
    },
    "node_modules/fast-deep-equal": {
      "version": "3.1.3",
      "resolved": "https://registry.npmjs.org/fast-deep-equal/-/fast-deep-equal-3.1.3.tgz",
      "integrity": "sha512-f3qQ9oQy9j2AhBe/H9VC91wLmKBCCU/gDOnKNAYG5hswO7BLKj09Hc5HYNz9cGI++xlpDCIgDaitVs03ATR84Q==",
      "license": "MIT"
    },
    "node_modules/fast-uri": {
      "version": "3.1.7",
      "resolved": "https://registry.npmjs.org/fast-uri/-/fast-uri-3.1.7.tgz",
      "integrity": "sha512-dOvZVzjdZdz7phd9v6jCbwxrBW3fK6n8Rc0CtdmM4bumzMnxywBYhuph6J819RRw/ku+rLbelwfMunktuzVVHg==",
      "funding": [
        {
          "type": "github",
          "url": "https://github.com/sponsors/fastify"
        },
        {
          "type": "opencollective",
          "url": "https://opencollective.com/fastify"
        }
      ],
      "license": "BSD-3-Clause"
    },
    "node_modules/fs-native-extensions": {
      "version": "1.5.1",
      "resolved": "https://registry.npmjs.org/fs-native-extensions/-/fs-native-extensions-1.5.1.tgz",
      "integrity": "sha512-abjiHKkYdcH5M9ikBEJb0MKb/fEpPtZx/yfLHzTptvUAoiFayX0tIe0BTLBU4SAoRyjZLzA0dP1Rn2p0+QRyVg==",
      "dependencies": {
        "require-addon": "^1.1.0",
        "which-runtime": "^1.2.0"
      }
    },
    "node_modules/isexe": {
      "version": "2.0.0",
      "resolved": "https://registry.npmjs.org/isexe/-/isexe-2.0.0.tgz",
      "integrity": "sha512-RHxMLp9lnKHGHRng9QFhRCMbYAcVpn69smSGcq3f36xjgVVWThj4qqLbTLlq7Ssj8B+fIQ1EuCEGI2lKsyQeIw==",
      "dev": true,
      "license": "ISC"
    },
    "node_modules/jose": {
      "version": "6.2.12",
      "resolved": "https://registry.npmjs.org/jose/-/jose-6.2.12.tgz",
      "integrity": "sha512-9NiFmJEex0sy2Dk58j2UGBSHgUs2ypF9eZSu4L6vjOX3Dp96Sw1F3uL+H+D1sx02jZZdzUT0HgvCy59CuvXcWw==",
      "dev": true,
      "license": "MIT",
      "funding": {
        "url": "https://github.com/sponsors/panva"
      }
    },
    "node_modules/js-yaml": {
      "version": "4.3.1",
      "resolved": "https://registry.npmjs.org/js-yaml/-/js-yaml-4.3.1.tgz",
      "integrity": "sha512-CY6crGq313MX8GkwvB7tzgp99vjQxY1++5y10/BKN/GUfHqWaOGQMNZkBvqSzsZKWk/ijwHlWzzkLulsGHhjWQ==",
      "dev": true,
      "funding": [
        {
          "type": "github",
          "url": "https://github.com/sponsors/puzrin"
        },
        {
          "type": "github",
          "url": "https://github.com/sponsors/nodeca"
        }
      ],
      "license": "MIT",
      "dependencies": {
        "argparse": "^2.0.1"
      },
      "bin": {
        "js-yaml": "bin/js-yaml.js"
      }
    },
    "node_modules/json-schema-traverse": {
      "version": "1.0.0",
      "resolved": "https://registry.npmjs.org/json-schema-traverse/-/json-schema-traverse-1.0.0.tgz",
      "integrity": "sha512-NM8/P9n3XjXhIZn1lLhkFaACTOURQXjWhV4BA/RnOv8xvgqtqpAX9IO4mRQxSx1Rlo4tqzeqb0sOlruaOy3dug==",
      "license": "MIT"
    },
    "node_modules/openapi-types": {
      "version": "12.1.3",
      "resolved": "https://registry.npmjs.org/openapi-types/-/openapi-types-12.1.3.tgz",
      "integrity": "sha512-N4YtSYJqghVu4iek2ZUvcN/0aqH1kRDuNqzcycDxhOUpg7GdvLa2F3DgS6yBNhInhv2r/6I0Flkn7CqL8+nIcw==",
      "dev": true,
      "license": "MIT",
      "peer": true
    },
    "node_modules/path-key": {
      "version": "3.1.1",
      "resolved": "https://registry.npmjs.org/path-key/-/path-key-3.1.1.tgz",
      "integrity": "sha512-ojmeN0qd+y0jszEtoY48r0Peq5dwMEkIlCOu6Q5f41lfkswXuKtYrhgoTpLnyIcHm24Uhqx+5Tqm2InSwLhE6Q==",
      "dev": true,
      "license": "MIT",
      "engines": {
        "node": ">=8"
      }
    },
    "node_modules/pkce-challenge": {
      "version": "5.0.1",
      "resolved": "https://registry.npmjs.org/pkce-challenge/-/pkce-challenge-5.0.1.tgz",
      "integrity": "sha512-wQ0b/W4Fr01qtpHlqSqspcj3EhBvimsdh0KlHhH8HRZnMsEa0ea2fTULOXOS9ccQr3om+GcGRk4e+isrZWV8qQ==",
      "dev": true,
      "license": "MIT",
      "engines": {
        "node": ">=16.20.0"
      }
    },
    "node_modules/redis": {
      "version": "6.2.0",
      "resolved": "https://registry.npmjs.org/redis/-/redis-6.2.0.tgz",
      "integrity": "sha512-BShYVyT0Gx67CE80xry5XroSSv6Vxr60yKs0HRiBbUc7kHm+bY7gvSDBBgTjuiV/reWKeZWLyA1ebC5z359wRQ==",
      "license": "MIT",
      "dependencies": {
        "@redis/bloom": "6.2.0",
        "@redis/client": "6.2.0",
        "@redis/json": "6.2.0",
        "@redis/search": "6.2.0",
        "@redis/time-series": "6.2.0"
      },
      "engines": {
        "node": ">= 20.0.0"
      }
    },
    "node_modules/require-addon": {
      "version": "1.3.0",
      "resolved": "https://registry.npmjs.org/require-addon/-/require-addon-1.3.0.tgz",
      "integrity": "sha512-j8pifaPNZI7ShKY3ihXZwF0qaEjua8zmlqPvDil0a8SBnyRvjCbAiEQuzO0UcoXH1sqU5U/ilXSjYd1W5NYwAA==",
      "dependencies": {
        "bare-addon-resolve": "^1.3.0"
      },
      "engines": {
        "bare": ">=1.10.0"
      }
    },
    "node_modules/require-from-string": {
      "version": "2.0.2",
      "resolved": "https://registry.npmjs.org/require-from-string/-/require-from-string-2.0.2.tgz",
      "integrity": "sha512-Xf0nWe6RseziFMu+Ap9biiUbmplq6S9/p+7w7YXP/JBHhrUDDUhwa+vANyubuqfZWTveU//DYVGsDG7RKL/vEw==",
      "license": "MIT",
      "engines": {
        "node": ">=0.10.0"
      }
    },
    "node_modules/shebang-command": {
      "version": "2.0.0",
      "resolved": "https://registry.npmjs.org/shebang-command/-/shebang-command-2.0.0.tgz",
      "integrity": "sha512-kHxr2zZpYtdmrN1qDjrrX/Z1rR1kG8Dx+gkpK1G4eXmvXswmcE1hTWBWYUzlraYw1/yZp6YuDY77YtvbN0dmDA==",
      "dev": true,
      "license": "MIT",
      "dependencies": {
        "shebang-regex": "^3.0.0"
      },
      "engines": {
        "node": ">=8"
      }
    },
    "node_modules/shebang-regex": {
      "version": "3.0.0",
      "resolved": "https://registry.npmjs.org/shebang-regex/-/shebang-regex-3.0.0.tgz",
      "integrity": "sha512-7++dFhtcx3353uBaq8DDR4NuxBetBzC7ZQOhmTQInHEd6bSrXdiEyzCvG07Z44UYdLShWUyXt5M/yhz8ekcb1A==",
      "dev": true,
      "license": "MIT",
      "engines": {
        "node": ">=8"
      }
    },
    "node_modules/typescript": {
      "version": "5.9.3",
      "resolved": "https://registry.npmjs.org/typescript/-/typescript-5.9.3.tgz",
      "integrity": "sha512-jl1vZzPDinLr9eUt3J/t7V6FgNEw9QjvBPdysz9KfQDD41fQrC2Y4vKQdiaUpFT4bXlb1RHhLpp8wtm6M5TgSw==",
      "dev": true,
      "license": "Apache-2.0",
      "bin": {
        "tsc": "bin/tsc",
        "tsserver": "bin/tsserver"
      },
      "engines": {
        "node": ">=14.17"
      }
    },
    "node_modules/undici-types": {
      "version": "6.21.0",
      "resolved": "https://registry.npmjs.org/undici-types/-/undici-types-6.21.0.tgz",
      "integrity": "sha512-iwDZqg0QAGrg9Rav5H4n0M64c3mkR59cJ6wQp+7C4nI0gsmExaedaYLNO44eT4AtBBwjbTiGPMlt2Md0T9H9JQ==",
      "dev": true,
      "license": "MIT"
    },
    "node_modules/which": {
      "version": "2.0.2",
      "resolved": "https://registry.npmjs.org/which/-/which-2.0.2.tgz",
      "integrity": "sha512-BLI3Tl1TW3Pvl70l3yq3Y64i+awpwXqsGBYWkkqMtnbXgrMD+yj7rhW0kuEDxzJaYXGjEW5ogapKNMEKNMjibA==",
      "dev": true,
      "license": "ISC",
      "dependencies": {
        "isexe": "^2.0.0"
      },
      "bin": {
        "node-which": "bin/node-which"
      },
      "engines": {
        "node": ">= 8"
      }
    },
    "node_modules/which-runtime": {
      "version": "1.4.0",
      "resolved": "https://registry.npmjs.org/which-runtime/-/which-runtime-1.4.0.tgz",
      "integrity": "sha512-0ugbP4CJW4e2D20jvEcC4973dCgIaHI4Rw1PT+26U9zEve7FyYdWAIwUnoeOYvoCfn+wXHoHTKb1KhkYlb60Pw=="
    },
    "node_modules/ws": {
      "version": "8.21.3",
      "resolved": "https://registry.npmjs.org/ws/-/ws-8.21.3.tgz",
      "integrity": "sha512-201TZ/kPWxoPr/OKWjquZR1SWKXcvxdH+e1xrx89b3YbmzLMFCLfnaG1HFIgWzJOEWZ7MvpK++odZufgYR50Rw==",
      "license": "MIT",
      "engines": {
        "node": ">=10.0.0"
      },
      "peerDependencies": {
        "bufferutil": "^4.0.1",
        "utf-8-validate": ">=5.0.2"
      },
      "peerDependenciesMeta": {
        "bufferutil": {
          "optional": true
        },
        "utf-8-validate": {
          "optional": true
        }
      }
    },
    "node_modules/yaml": {
      "version": "2.9.0",
      "resolved": "https://registry.npmjs.org/yaml/-/yaml-2.9.0.tgz",
      "integrity": "sha512-2AvhNX3mb8zd6Zy7INTtSpl1F15HW6Wnqj0srWlkKLcpYl/gMIMJiyuGq2KeI2YFxUPjdlB+3Lc10seMLtL4cA==",
      "license": "ISC",
      "bin": {
        "yaml": "bin.mjs"
      },
      "engines": {
        "node": ">= 14.6"
      },
      "funding": {
        "url": "https://github.com/sponsors/eemeli"
      }
    },
    "node_modules/zod": {
      "version": "4.6.5",
      "resolved": "https://registry.npmjs.org/zod/-/zod-4.6.5.tgz",
      "integrity": "sha512-v5l/aFXZQeai4awLbOpSoHecE9UiMrnfx75tEXLjNonXVARxQ5mOeipTjROUchszUNCqnE+hqAMujRsRHsut2Q==",
      "license": "MIT",
      "funding": {
        "url": "https://github.com/sponsors/colinhacks"
      }
    },
    "packages/better-harness-bridge": {
      "name": "@dharma-ai-labs/agent-fabric-better-harness-bridge",
      "version": "0.1.1",
      "license": "MIT"
    },
    "packages/cli": {
      "name": "@dharma-ai-labs/agent-fabric",
      "version": "0.2.102",
      "license": "MIT",
      "dependencies": {
        "@dharma-ai-labs/agent-fabric-contracts": "0.1.10",
        "@dharma-ai-labs/agent-fabric-evidence-reduction": "0.2.18",
        "@dharma-ai-labs/agent-fabric-local-vault": "0.1.20",
        "@dharma-ai-labs/agent-fabric-policy": "0.1.4",
        "@dharma-ai-labs/agent-fabric-provider-adapters": "0.1.20",
        "@dharma-ai-labs/agent-fabric-relay-client": "0.2.22",
        "@dharma-ai-labs/agent-fabric-sdk": "0.1.10",
        "@dharma-ai-labs/agent-fabric-skill-manager": "0.2.10",
        "@dharma-ai-labs/agent-fabric-task-runner": "0.1.22",
        "ajv": "8.20.0",
        "ajv-formats": "3.0.1",
        "fs-native-extensions": "1.5.1"
      },
      "bin": {
        "dharma": "dist/bin.js"
      },
      "engines": {
        "node": ">=22.20.0 <25.0.0"
      }
    },
    "packages/contracts": {
      "name": "@dharma-ai-labs/agent-fabric-contracts",
      "version": "0.1.10",
      "license": "MIT",
      "dependencies": {
        "ajv": "^8.17.1",
        "ajv-formats": "^3.0.1"
      }
    },
    "packages/evidence-reduction": {
      "name": "@dharma-ai-labs/agent-fabric-evidence-reduction",
      "version": "0.2.18",
      "license": "MIT",
      "dependencies": {
        "@dharma-ai-labs/agent-fabric-contracts": "0.1.10",
        "@dharma-ai-labs/agent-fabric-policy": "0.1.4",
        "@dharma-ai-labs/agent-fabric-provider-adapters": "0.1.20"
      }
    },
    "packages/local-vault": {
      "name": "@dharma-ai-labs/agent-fabric-local-vault",
      "version": "0.1.20",
      "license": "MIT",
      "dependencies": {
        "@dharma-ai-labs/agent-fabric-contracts": "0.1.10",
        "@dharma-ai-labs/agent-fabric-evidence-reduction": "0.2.18",
        "@dharma-ai-labs/agent-fabric-secure-store": "0.1.5"
      }
    },
    "packages/local-vault/node_modules/@dharma-ai-labs/agent-fabric-secure-store": {
      "version": "0.1.5",
      "resolved": "https://registry.npmjs.org/@dharma-ai-labs/agent-fabric-secure-store/-/agent-fabric-secure-store-0.1.5.tgz",
      "integrity": "sha512-2iletScZmmzTK5MOcJ1QPdvbP6f2MghpGkiJsl6P4FUtKdhFNpf+5RjPrLhVQdsu8xxlmQ8MSWqRJgXFa+Of3Q==",
      "license": "MIT"
    },
    "packages/policy": {
      "name": "@dharma-ai-labs/agent-fabric-policy",
      "version": "0.1.4",
      "license": "MIT",
      "dependencies": {
        "yaml": "^2.8.1"
      }
    },
    "packages/provider-adapters": {
      "name": "@dharma-ai-labs/agent-fabric-provider-adapters",
      "version": "0.1.20",
      "license": "MIT",
      "dependencies": {
        "@dharma-ai-labs/agent-fabric-contracts": "0.1.10",
        "@modelcontextprotocol/server": "2.1.0",
        "zod": "4.6.5"
      }
    },
    "packages/relay-client": {
      "name": "@dharma-ai-labs/agent-fabric-relay-client",
      "version": "0.2.22",
      "license": "MIT",
      "dependencies": {
        "@dharma-ai-labs/agent-fabric-contracts": "0.1.10",
        "@dharma-ai-labs/agent-fabric-secure-store": "0.1.6"
      }
    },
    "packages/sdk": {
      "name": "@dharma-ai-labs/agent-fabric-sdk",
      "version": "0.1.10",
      "license": "MIT",
      "devDependencies": {
        "@dharma-ai-labs/agent-fabric-contracts": "0.1.10"
      },
      "engines": {
        "node": ">=22.20.0 <25.0.0"
      }
    },
    "packages/secure-store": {
      "name": "@dharma-ai-labs/agent-fabric-secure-store",
      "version": "0.1.6",
      "license": "MIT"
    },
    "packages/skill-manager": {
      "name": "@dharma-ai-labs/agent-fabric-skill-manager",
      "version": "0.2.10",
      "license": "MIT",
      "dependencies": {
        "@dharma-ai-labs/agent-fabric-contracts": "0.1.10",
        "@dharma-ai-labs/agent-fabric-policy": "0.1.4"
      }
    },
    "packages/task-runner": {
      "name": "@dharma-ai-labs/agent-fabric-task-runner",
      "version": "0.1.22",
      "license": "MIT",
      "dependencies": {
        "@dharma-ai-labs/agent-fabric-contracts": "0.1.10",
        "@dharma-ai-labs/agent-fabric-policy": "0.1.4",
        "@dharma-ai-labs/agent-fabric-provider-adapters": "0.1.20"
      }
    }
  }
}
